
Microsoft Visual Studio Solution File, Format Version 12.00
# Visual Studio Version 16
VisualStudioVersion = 16.0.31424.327
MinimumVisualStudioVersion = 10.0.40219.1
Project("{FAE04EC0-301F-11D3-BF4B-00C04F79EFBC}") = "PT.Rank", "PT.Rank\PT.Rank.csproj", "{1E8FF1FA-C38C-4A34-8DE0-63BCEE44D35C}"
EndProject
Global
	GlobalSection(SolutionConfigurationPlatforms) = preSolution
		Debug|Any CPU = Debug|Any CPU
		Release|Any CPU = Release|Any CPU
	EndGlobalSection
	GlobalSection(ProjectConfigurationPlatforms) = postSolution
		{1E8FF1FA-C38C-4A34-8DE0-63BCEE44D35C}.Debug|Any CPU.ActiveCfg = Debug|Any CPU
		{1E8FF1FA-C38C-4A34-8DE0-63BCEE44D35C}.Debug|Any CPU.Build.0 = Debug|Any CPU
		{1E8FF1FA-C38C-4A34-8DE0-63BCEE44D35C}.Release|Any CPU.ActiveCfg = Release|Any CPU
		{1E8FF1FA-C38C-4A34-8DE0-63BCEE44D35C}.Release|Any CPU.Build.0 = Release|Any CPU
	EndGlobalSection
	GlobalSection(SolutionProperties) = preSolution
		HideSolutionNode = FALSE
	EndGlobalSection
	GlobalSection(ExtensibilityGlobals) = postSolution
		SolutionGuid = {AFA1C79D-BB74-4F4E-8FFC-FB89A9B93BC8}
	EndGlobalSection
EndGlobal
